
Microsoft Visual Studio Solution File, Format Version 12.00
# Visual Studio 15
VisualStudioVersion = 15.0.28010.2019
MinimumVisualStudioVersion = 10.0.40219.1
Project("{FAE04EC0-301F-11D3-BF4B-00C04F79EFBC}") = "APIVersioningDemo", "APIVersioningDemo\APIVersioningDemo.csproj", "{AEA0576C-B03F-49C9-BEE3-CC1331DECDB2}"
EndProject
Global
	GlobalSection(SolutionConfigurationPlatforms) = preSolution
		Debug|Any CPU = Debug|Any CPU
		Release|Any CPU = Release|Any CPU
	EndGlobalSection
	GlobalSection(ProjectConfigurationPlatforms) = postSolution
		{AEA0576C-B03F-49C9-BEE3-CC1331DECDB2}.Debug|Any CPU.ActiveCfg = Debug|Any CPU
		{AEA0576C-B03F-49C9-BEE3-CC1331DECDB2}.Debug|Any CPU.Build.0 = Debug|Any CPU
		{AEA0576C-B03F-49C9-BEE3-CC1331DECDB2}.Release|Any CPU.ActiveCfg = Release|Any CPU
		{AEA0576C-B03F-49C9-BEE3-CC1331DECDB2}.Release|Any CPU.Build.0 = Release|Any CPU
	EndGlobalSection
	GlobalSection(SolutionProperties) = preSolution
		HideSolutionNode = FALSE
	EndGlobalSection
	GlobalSection(ExtensibilityGlobals) = postSolution
		SolutionGuid = {FA46027E-20D6-44DD-B0B3-01BEB72BB2D3}
	EndGlobalSection
EndGlobal
